
Microsoft Visual Studio Solution File, Format Version 12.00
# Visual Studio Version 16
VisualStudioVersion = 25.0.1704.0
MinimumVisualStudioVersion = 10.0.40219.1
Project("{FAE04EC0-301F-11D3-BF4B-00C04F79EFBC}") = "Assignment_4", "Assignment_4\Assignment_4.csproj", "{F2D5E37D-BCCC-4FCF-AD03-4A527112B9A0}"
EndProject
Global
	GlobalSection(SolutionConfigurationPlatforms) = preSolution
		Debug|Any CPU = Debug|Any CPU
		Release|Any CPU = Release|Any CPU
	EndGlobalSection
	GlobalSection(ProjectConfigurationPlatforms) = postSolution
		{F2D5E37D-BCCC-4FCF-AD03-4A527112B9A0}.Debug|Any CPU.ActiveCfg = Debug|Any CPU
		{F2D5E37D-BCCC-4FCF-AD03-4A527112B9A0}.Debug|Any CPU.Build.0 = Debug|Any CPU
		{F2D5E37D-BCCC-4FCF-AD03-4A527112B9A0}.Release|Any CPU.ActiveCfg = Release|Any CPU
		{F2D5E37D-BCCC-4FCF-AD03-4A527112B9A0}.Release|Any CPU.Build.0 = Release|Any CPU
	EndGlobalSection
	GlobalSection(SolutionProperties) = preSolution
		HideSolutionNode = FALSE
	EndGlobalSection
	GlobalSection(ExtensibilityGlobals) = postSolution
		SolutionGuid = {BB2C579B-C1DE-4DF4-8386-2A154F4A0A62}
	EndGlobalSection
EndGlobal
