
Microsoft Visual Studio Solution File, Format Version 12.00
# Visual Studio Version 17
VisualStudioVersion = 17.3.32825.248
MinimumVisualStudioVersion = 10.0.40219.1
Project("{9A19103F-16F7-4668-BE54-9A1E7A4F7556}") = "ModellingManagementAPI", "RestAPI\ModellingManagementAPI.csproj", "{15C40EE1-EC5F-40EB-B073-6C92FE29A9CB}"
EndProject
Global
	GlobalSection(SolutionConfigurationPlatforms) = preSolution
		Debug|Any CPU = Debug|Any CPU
		Release|Any CPU = Release|Any CPU
	EndGlobalSection
	GlobalSection(ProjectConfigurationPlatforms) = postSolution
		{15C40EE1-EC5F-40EB-B073-6C92FE29A9CB}.Debug|Any CPU.ActiveCfg = Debug|Any CPU
		{15C40EE1-EC5F-40EB-B073-6C92FE29A9CB}.Debug|Any CPU.Build.0 = Debug|Any CPU
		{15C40EE1-EC5F-40EB-B073-6C92FE29A9CB}.Release|Any CPU.ActiveCfg = Release|Any CPU
		{15C40EE1-EC5F-40EB-B073-6C92FE29A9CB}.Release|Any CPU.Build.0 = Release|Any CPU
	EndGlobalSection
	GlobalSection(SolutionProperties) = preSolution
		HideSolutionNode = FALSE
	EndGlobalSection
	GlobalSection(ExtensibilityGlobals) = postSolution
		SolutionGuid = {70F9AEC2-FD3B-4D0A-9920-A28A4F3E38C4}
	EndGlobalSection
EndGlobal
